
Microsoft Visual Studio Solution File, Format Version 12.00
# Visual Studio Version 17
VisualStudioVersion = 17.4.33122.133
MinimumVisualStudioVersion = 10.0.40219.1
Project("{FAE04EC0-301F-11D3-BF4B-00C04F79EFBC}") = "Eduplus.Data", "Eduplus.Data\Eduplus.Data.csproj", "{DD3CBBEB-410D-42FC-BC83-7CEEAE033463}"
	ProjectSection(ProjectDependencies) = postProject
		{B73EFC83-83FA-48B7-A54F-513E2322EA97} = {B73EFC83-83FA-48B7-A54F-513E2322EA97}
	EndProjectSection
EndProject
Project("{FAE04EC0-301F-11D3-BF4B-00C04F79EFBC}") = "Eduplus.DTO", "Eduplus.DTO\Eduplus.DTO.csproj", "{B73EFC83-83FA-48B7-A54F-513E2322EA97}"
EndProject
Project("{FAE04EC0-301F-11D3-BF4B-00C04F79EFBC}") = "Eduplus.ObjectMappings", "Eduplus.ObjectMappings\Eduplus.ObjectMappings.csproj", "{3A7830DC-17AF-41EF-A679-90D942D402BC}"
EndProject
Project("{FAE04EC0-301F-11D3-BF4B-00C04F79EFBC}") = "Eduplus.Services", "Eduplus.Services\Eduplus.Services.csproj", "{F322625C-3FE7-4384-A3C3-395CE29C04A1}"
	ProjectSection(ProjectDependencies) = postProject
		{1AD68F96-9790-4E01-983B-876955930E87} = {1AD68F96-9790-4E01-983B-876955930E87}
		{DD3CBBEB-410D-42FC-BC83-7CEEAE033463} = {DD3CBBEB-410D-42FC-BC83-7CEEAE033463}
	EndProjectSection
EndProject
Project("{FAE04EC0-301F-11D3-BF4B-00C04F79EFBC}") = "KS.Common", "KS.Common\KS.Common.csproj", "{107F74D9-1D82-4A9D-96D5-263843C004F1}"
EndProject
Project("{FAE04EC0-301F-11D3-BF4B-00C04F79EFBC}") = "Eduplus.Web.SMC", "Eduplus.Web.SMC\Eduplus.Web.SMC.csproj", "{384AFB57-8C87-4A7A-9828-36C9A80EE6C2}"
	ProjectSection(ProjectDependencies) = postProject
		{107F74D9-1D82-4A9D-96D5-263843C004F1} = {107F74D9-1D82-4A9D-96D5-263843C004F1}
		{1AD68F96-9790-4E01-983B-876955930E87} = {1AD68F96-9790-4E01-983B-876955930E87}
		{B73EFC83-83FA-48B7-A54F-513E2322EA97} = {B73EFC83-83FA-48B7-A54F-513E2322EA97}
		{DD3CBBEB-410D-42FC-BC83-7CEEAE033463} = {DD3CBBEB-410D-42FC-BC83-7CEEAE033463}
		{F322625C-3FE7-4384-A3C3-395CE29C04A1} = {F322625C-3FE7-4384-A3C3-395CE29C04A1}
	EndProjectSection
EndProject
Project("{FAE04EC0-301F-11D3-BF4B-00C04F79EFBC}") = "Eduplus.Domain", "Eduplus.Domain\Eduplus.Domain.csproj", "{1AD68F96-9790-4E01-983B-876955930E87}"
	ProjectSection(ProjectDependencies) = postProject
		{107F74D9-1D82-4A9D-96D5-263843C004F1} = {107F74D9-1D82-4A9D-96D5-263843C004F1}
		{B73EFC83-83FA-48B7-A54F-513E2322EA97} = {B73EFC83-83FA-48B7-A54F-513E2322EA97}
	EndProjectSection
EndProject
Project("{FAE04EC0-301F-11D3-BF4B-00C04F79EFBC}") = "KS.Logger", "KS.Logger\KS.Logger.csproj", "{7CDBBB0A-D49A-4769-8CE9-52CDC7B46E39}"
EndProject
Project("{2150E333-8FDC-42A3-9474-1A3956D46DE8}") = "Models", "Models", "{A76D0F85-8E62-43B7-AB0C-8ACB4FF6D15C}"
EndProject
Project("{2150E333-8FDC-42A3-9474-1A3956D46DE8}") = "Data", "Data", "{5714BE52-5ADE-4A18-8005-0B6AE40571F8}"
EndProject
Project("{2150E333-8FDC-42A3-9474-1A3956D46DE8}") = "UIs", "UIs", "{8238C398-C510-4F17-B383-766E1C716395}"
EndProject
Global
	GlobalSection(SolutionConfigurationPlatforms) = preSolution
		Debug|Any CPU = Debug|Any CPU
		Release|Any CPU = Release|Any CPU
	EndGlobalSection
	GlobalSection(ProjectConfigurationPlatforms) = postSolution
		{DD3CBBEB-410D-42FC-BC83-7CEEAE033463}.Debug|Any CPU.ActiveCfg = Debug|Any CPU
		{DD3CBBEB-410D-42FC-BC83-7CEEAE033463}.Debug|Any CPU.Build.0 = Debug|Any CPU
		{DD3CBBEB-410D-42FC-BC83-7CEEAE033463}.Release|Any CPU.ActiveCfg = Release|Any CPU
		{DD3CBBEB-410D-42FC-BC83-7CEEAE033463}.Release|Any CPU.Build.0 = Release|Any CPU
		{B73EFC83-83FA-48B7-A54F-513E2322EA97}.Debug|Any CPU.ActiveCfg = Debug|Any CPU
		{B73EFC83-83FA-48B7-A54F-513E2322EA97}.Debug|Any CPU.Build.0 = Debug|Any CPU
		{B73EFC83-83FA-48B7-A54F-513E2322EA97}.Release|Any CPU.ActiveCfg = Release|Any CPU
		{B73EFC83-83FA-48B7-A54F-513E2322EA97}.Release|Any CPU.Build.0 = Release|Any CPU
		{3A7830DC-17AF-41EF-A679-90D942D402BC}.Debug|Any CPU.ActiveCfg = Debug|Any CPU
		{3A7830DC-17AF-41EF-A679-90D942D402BC}.Debug|Any CPU.Build.0 = Debug|Any CPU
		{3A7830DC-17AF-41EF-A679-90D942D402BC}.Release|Any CPU.ActiveCfg = Release|Any CPU
		{3A7830DC-17AF-41EF-A679-90D942D402BC}.Release|Any CPU.Build.0 = Release|Any CPU
		{F322625C-3FE7-4384-A3C3-395CE29C04A1}.Debug|Any CPU.ActiveCfg = Debug|Any CPU
		{F322625C-3FE7-4384-A3C3-395CE29C04A1}.Debug|Any CPU.Build.0 = Debug|Any CPU
		{F322625C-3FE7-4384-A3C3-395CE29C04A1}.Release|Any CPU.ActiveCfg = Release|Any CPU
		{F322625C-3FE7-4384-A3C3-395CE29C04A1}.Release|Any CPU.Build.0 = Release|Any CPU
		{107F74D9-1D82-4A9D-96D5-263843C004F1}.Debug|Any CPU.ActiveCfg = Debug|Any CPU
		{107F74D9-1D82-4A9D-96D5-263843C004F1}.Debug|Any CPU.Build.0 = Debug|Any CPU
		{107F74D9-1D82-4A9D-96D5-263843C004F1}.Release|Any CPU.ActiveCfg = Release|Any CPU
		{107F74D9-1D82-4A9D-96D5-263843C004F1}.Release|Any CPU.Build.0 = Release|Any CPU
		{384AFB57-8C87-4A7A-9828-36C9A80EE6C2}.Debug|Any CPU.ActiveCfg = Debug|Any CPU
		{384AFB57-8C87-4A7A-9828-36C9A80EE6C2}.Debug|Any CPU.Build.0 = Debug|Any CPU
		{384AFB57-8C87-4A7A-9828-36C9A80EE6C2}.Release|Any CPU.ActiveCfg = Release|Any CPU
		{384AFB57-8C87-4A7A-9828-36C9A80EE6C2}.Release|Any CPU.Build.0 = Release|Any CPU
		{1AD68F96-9790-4E01-983B-876955930E87}.Debug|Any CPU.ActiveCfg = Debug|Any CPU
		{1AD68F96-9790-4E01-983B-876955930E87}.Debug|Any CPU.Build.0 = Debug|Any CPU
		{1AD68F96-9790-4E01-983B-876955930E87}.Release|Any CPU.ActiveCfg = Release|Any CPU
		{1AD68F96-9790-4E01-983B-876955930E87}.Release|Any CPU.Build.0 = Release|Any CPU
		{7CDBBB0A-D49A-4769-8CE9-52CDC7B46E39}.Debug|Any CPU.ActiveCfg = Debug|Any CPU
		{7CDBBB0A-D49A-4769-8CE9-52CDC7B46E39}.Debug|Any CPU.Build.0 = Debug|Any CPU
		{7CDBBB0A-D49A-4769-8CE9-52CDC7B46E39}.Release|Any CPU.ActiveCfg = Release|Any CPU
		{7CDBBB0A-D49A-4769-8CE9-52CDC7B46E39}.Release|Any CPU.Build.0 = Release|Any CPU
	EndGlobalSection
	GlobalSection(SolutionProperties) = preSolution
		HideSolutionNode = FALSE
	EndGlobalSection
	GlobalSection(NestedProjects) = preSolution
		{DD3CBBEB-410D-42FC-BC83-7CEEAE033463} = {5714BE52-5ADE-4A18-8005-0B6AE40571F8}
		{384AFB57-8C87-4A7A-9828-36C9A80EE6C2} = {8238C398-C510-4F17-B383-766E1C716395}
		{1AD68F96-9790-4E01-983B-876955930E87} = {A76D0F85-8E62-43B7-AB0C-8ACB4FF6D15C}
	EndGlobalSection
	GlobalSection(ExtensibilityGlobals) = postSolution
		SolutionGuid = {F9F9213D-D253-40BC-8A51-9150C2674816}
	EndGlobalSection
EndGlobal
